PODS:
  - EZAudio (1.1.5):
    - EZAudio/Full (= 1.1.5)
  - EZAudio/Core (1.1.5)
  - EZAudio/Full (1.1.5):
    - EZAudio/Core
    - TPCircularBuffer (= 1.1)
  - SocketRocket (0.5.0)
  - TPCircularBuffer (1.1)

DEPENDENCIES:
  - EZAudio (~> 1.1.5)
  - SocketRocket (~> 0.5.0)

SPEC CHECKSUMS:
  EZAudio: 3b1cb4b6d7ebca68f0c2478576d75940aad4aa99
  SocketRocket: 2c51efccd2d73c99a923407ca4b06e7e9da95dbf
  TPCircularBuffer: 4960a919e667280f7f38963d771f45871b64fe62

COCOAPODS: 0.39.0
