// !$*UTF8*$!
{
	archiveVersion = 1;
	classes = {
	};
	objectVersion = 46;
	objects = {

/* Begin PBXBuildFile section */
		004441151CCDF27800D71096 /* main.m in Sources */ = {isa = PBXBuildFile; fileRef = 004441141CCDF27800D71096 /* main.m */; };
		004441181CCDF27800D71096 /* AppDelegate.m in Sources */ = {isa = PBXBuildFile; fileRef = 004441171CCDF27800D71096 /* AppDelegate.m */; };
		0044411B1CCDF27800D71096 /* ViewController.m in Sources */ = {isa = PBXBuildFile; fileRef = 0044411A1CCDF27800D71096 /* ViewController.m */; };
		0044411E1CCDF27800D71096 /* Main.storyboard in Resources */ = {isa = PBXBuildFile; fileRef = 0044411C1CCDF27800D71096 /* Main.storyboard */; };
		004441201CCDF27800D71096 /* Assets.xcassets in Resources */ = {isa = PBXBuildFile; fileRef = 0044411F1CCDF27800D71096 /* Assets.xcassets */; };
		004441231CCDF27800D71096 /* LaunchScreen.storyboard in Resources */ = {isa = PBXBuildFile; fileRef = 004441211CCDF27800D71096 /* LaunchScreen.storyboard */; };
		8599D611BEC7D7AB68602955 /* libPods-AudioTracker.a in Frameworks */ = {isa = PBXBuildFile; fileRef = 5F6AD9D62A61FD51DAAC9A61 /* libPods-AudioTracker.a */; };
/* End PBXBuildFile section */

/* Begin PBXFileReference section */
		004441101CCDF27800D71096 /* AudioTracker.app */ = {isa = PBXFileReference; explicitFileType = wrapper.application; includeInIndex = 0; path = AudioTracker.app; sourceTree = BUILT_PRODUCTS_DIR; };
		004441141CCDF27800D71096 /* main.m */ = {isa = PBXFileReference; lastKnownFileType = sourcecode.c.objc; path = main.m; sourceTree = "<group>"; };
		004441161CCDF27800D71096 /* AppDelegate.h */ = {isa = PBXFileReference; lastKnownFileType = sourcecode.c.h; path = AppDelegate.h; sourceTree = "<group>"; };
		004441171CCDF27800D71096 /* AppDelegate.m */ = {isa = PBXFileReference; lastKnownFileType = sourcecode.c.objc; path = AppDelegate.m; sourceTree = "<group>"; };
		004441191CCDF27800D71096 /* ViewController.h */ = {isa = PBXFileReference; lastKnownFileType = sourcecode.c.h; path = ViewController.h; sourceTree = "<group>"; };
		0044411A1CCDF27800D71096 /* ViewController.m */ = {isa = PBXFileReference; lastKnownFileType = sourcecode.c.objc; path = ViewController.m; sourceTree = "<group>"; };
		0044411D1CCDF27800D71096 /* Base */ = {isa = PBXFileReference; lastKnownFileType = file.storyboard; name = Base; path = Base.lproj/Main.storyboard; sourceTree = "<group>"; };
		0044411F1CCDF27800D71096 /* Assets.xcassets */ = {isa = PBXFileReference; lastKnownFileType = folder.assetcatalog; path = Assets.xcassets; sourceTree = "<group>"; };
		004441221CCDF27800D71096 /* Base */ = {isa = PBXFileReference; lastKnownFileType = file.storyboard; name = Base; path = Base.lproj/LaunchScreen.storyboard; sourceTree = "<group>"; };
		004441241CCDF27800D71096 /* Info.plist */ = {isa = PBXFileReference; lastKnownFileType = text.plist.xml; path = Info.plist; sourceTree = "<group>"; };
		5F6AD9D62A61FD51DAAC9A61 /* libPods-AudioTracker.a */ = {isa = PBXFileReference; explicitFileType = archive.ar; includeInIndex = 0; path = "libPods-AudioTracker.a"; sourceTree = BUILT_PRODUCTS_DIR; };
		A6CD33B77547A4BF60B4092A /* Pods-AudioTracker.debug.xcconfig */ = {isa = PBXFileReference; includeInIndex = 1; lastKnownFileType = text.xcconfig; name = "Pods-AudioTracker.debug.xcconfig"; path = "Pods/Target Support Files/Pods-AudioTracker/Pods-AudioTracker.debug.xcconfig"; sourceTree = "<group>"; };
		B2338431A1056FB9D3E10FDE /* Pods-AudioTracker.release.xcconfig */ = {isa = PBXFileReference; includeInIndex = 1; lastKnownFileType = text.xcconfig; name = "Pods-AudioTracker.release.xcconfig"; path = "Pods/Target Support Files/Pods-AudioTracker/Pods-AudioTracker.release.xcconfig"; sourceTree = "<group>"; };
/* End PBXFileReference section */

/* Begin PBXFrameworksBuildPhase section */
		0044410D1CCDF27800D71096 /* Frameworks */ = {
			isa = PBXFrameworksBuildPhase;
			buildActionMask = 2147483647;
			files = (
				8599D611BEC7D7AB68602955 /* libPods-AudioTracker.a in Frameworks */,
			);
			runOnlyForDeploymentPostprocessing = 0;
		};
/* End PBXFrameworksBuildPhase section */

/* Begin PBXGroup section */
		004441071CCDF27800D71096 = {
			isa = PBXGroup;
			children = (
				004441121CCDF27800D71096 /* AudioTracker */,
				004441111CCDF27800D71096 /* Products */,
				B6CA2068C7FC32A66E2160B6 /* Pods */,
				6687F5D69740321FB718B12F /* Frameworks */,
			);
			sourceTree = "<group>";
		};
		004441111CCDF27800D71096 /* Products */ = {
			isa = PBXGroup;
			children = (
				004441101CCDF27800D71096 /* AudioTracker.app */,
			);
			name = Products;
			sourceTree = "<group>";
		};
		004441121CCDF27800D71096 /* AudioTracker */ = {
			isa = PBXGroup;
			children = (
				004441161CCDF27800D71096 /* AppDelegate.h */,
				004441171CCDF27800D71096 /* AppDelegate.m */,
				004441191CCDF27800D71096 /* ViewController.h */,
				0044411A1CCDF27800D71096 /* ViewController.m */,
				0044411C1CCDF27800D71096 /* Main.storyboard */,
				0044411F1CCDF27800D71096 /* Assets.xcassets */,
				004441211CCDF27800D71096 /* LaunchScreen.storyboard */,
				004441241CCDF27800D71096 /* Info.plist */,
				004441131CCDF27800D71096 /* Supporting Files */,
			);
			path = AudioTracker;
			sourceTree = "<group>";
		};
		004441131CCDF27800D71096 /* Supporting Files */ = {
			isa = PBXGroup;
			children = (
				004441141CCDF27800D71096 /* main.m */,
			);
			name = "Supporting Files";
			sourceTree = "<group>";
		};
		6687F5D69740321FB718B12F /* Frameworks */ = {
			isa = PBXGroup;
			children = (
				5F6AD9D62A61FD51DAAC9A61 /* libPods-AudioTracker.a */,
			);
			name = Frameworks;
			sourceTree = "<group>";
		};
		B6CA2068C7FC32A66E2160B6 /* Pods */ = {
			isa = PBXGroup;
			children = (
				A6CD33B77547A4BF60B4092A /* Pods-AudioTracker.debug.xcconfig */,
				B2338431A1056FB9D3E10FDE /* Pods-AudioTracker.release.xcconfig */,
			);
			name = Pods;
			sourceTree = "<group>";
		};
/* End PBXGroup section */

/* Begin PBXNativeTarget section */
		0044410F1CCDF27800D71096 /* AudioTracker */ = {
			isa = PBXNativeTarget;
			buildConfigurationList = 004441271CCDF27800D71096 /* Build configuration list for PBXNativeTarget "AudioTracker" */;
			buildPhases = (
				71B9545BFF1E506527783A43 /* Check Pods Manifest.lock */,
				0044410C1CCDF27800D71096 /* Sources */,
				0044410D1CCDF27800D71096 /* Frameworks */,
				0044410E1CCDF27800D71096 /* Resources */,
				C0CD97D67B84FAAF7F9620E1 /* Embed Pods Frameworks */,
				3E8074BD3640044FE2978AB8 /* Copy Pods Resources */,
			);
			buildRules = (
			);
			dependencies = (
			);
			name = AudioTracker;
			productName = AudioTracker;
			productReference = 004441101CCDF27800D71096 /* AudioTracker.app */;
			productType = "com.apple.product-type.application";
		};
/* End PBXNativeTarget section */

/* Begin PBXProject section */
		004441081CCDF27800D71096 /* Project object */ = {
			isa = PBXProject;
			attributes = {
				LastUpgradeCheck = 0730;
				ORGANIZATIONNAME = TangYunfei;
				TargetAttributes = {
					0044410F1CCDF27800D71096 = {
						CreatedOnToolsVersion = 7.3;
						DevelopmentTeam = BW53AW8KUE;
					};
				};
			};
			buildConfigurationList = 0044410B1CCDF27800D71096 /* Build configuration list for PBXProject "AudioTracker" */;
			compatibilityVersion = "Xcode 3.2";
			developmentRegion = English;
			hasScannedForEncodings = 0;
			knownRegions = (
				en,
				Base,
			);
			mainGroup = 004441071CCDF27800D71096;
			productRefGroup = 004441111CCDF27800D71096 /* Products */;
			projectDirPath = "";
			projectRoot = "";
			targets = (
				0044410F1CCDF27800D71096 /* AudioTracker */,
			);
		};
/* End PBXProject section */

/* Begin PBXResourcesBuildPhase section */
		0044410E1CCDF27800D71096 /* Resources */ = {
			isa = PBXResourcesBuildPhase;
			buildActionMask = 2147483647;
			files = (
				004441231CCDF27800D71096 /* LaunchScreen.storyboard in Resources */,
				004441201CCDF27800D71096 /* Assets.xcassets in Resources */,
				0044411E1CCDF27800D71096 /* Main.storyboard in Resources */,
			);
			runOnlyForDeploymentPostprocessing = 0;
		};
/* End PBXResourcesBuildPhase section */

/* Begin PBXShellScriptBuildPhase section */
		3E8074BD3640044FE2978AB8 /* Copy Pods Resources */ = {
			isa = PBXShellScriptBuildPhase;
			buildActionMask = 2147483647;
			files = (
			);
			inputPaths = (
			);
			name = "Copy Pods Resources";
			outputPaths = (
			);
			runOnlyForDeploymentPostprocessing = 0;
			shellPath = /bin/sh;
			shellScript = "\"${SRCROOT}/Pods/Target Support Files/Pods-AudioTracker/Pods-AudioTracker-resources.sh\"\n";
			showEnvVarsInLog = 0;
		};
		71B9545BFF1E506527783A43 /* Check Pods Manifest.lock */ = {
			isa = PBXShellScriptBuildPhase;
			buildActionMask = 2147483647;
			files = (
			);
			inputPaths = (
			);
			name = "Check Pods Manifest.lock";
			outputPaths = (
			);
			runOnlyForDeploymentPostprocessing = 0;
			shellPath = /bin/sh;
			shellScript = "diff \"${PODS_ROOT}/../Podfile.lock\" \"${PODS_ROOT}/Manifest.lock\" > /dev/null\nif [[ $? != 0 ]] ; then\n    cat << EOM\nerror: The sandbox is not in sync with the Podfile.lock. Run 'pod install' or update your CocoaPods installation.\nEOM\n    exit 1\nfi\n";
			showEnvVarsInLog = 0;
		};
		C0CD97D67B84FAAF7F9620E1 /* Embed Pods Frameworks */ = {
			isa = PBXShellScriptBuildPhase;
			buildActionMask = 2147483647;
			files = (
			);
			inputPaths = (
			);
			name = "Embed Pods Frameworks";
			outputPaths = (
			);
			runOnlyForDeploymentPostprocessing = 0;
			shellPath = /bin/sh;
			shellScript = "\"${SRCROOT}/Pods/Target Support Files/Pods-AudioTracker/Pods-AudioTracker-frameworks.sh\"\n";
			showEnvVarsInLog = 0;
		};
/* End PBXShellScriptBuildPhase section */

/* Begin PBXSourcesBuildPhase section */
		0044410C1CCDF27800D71096 /* Sources */ = {
			isa = PBXSourcesBuildPhase;
			buildActionMask = 2147483647;
			files = (
				0044411B1CCDF27800D71096 /* ViewController.m in Sources */,
				004441181CCDF27800D71096 /* AppDelegate.m in Sources */,
				004441151CCDF27800D71096 /* main.m in Sources */,
			);
			runOnlyForDeploymentPostprocessing = 0;
		};
/* End PBXSourcesBuildPhase section */

/* Begin PBXVariantGroup section */
		0044411C1CCDF27800D71096 /* Main.storyboard */ = {
			isa = PBXVariantGroup;
			children = (
				0044411D1CCDF27800D71096 /* Base */,
			);
			name = Main.storyboard;
			sourceTree = "<group>";
		};
		004441211CCDF27800D71096 /* LaunchScreen.storyboard */ = {
			isa = PBXVariantGroup;
			children = (
				004441221CCDF27800D71096 /* Base */,
			);
			name = LaunchScreen.storyboard;
			sourceTree = "<group>";
		};
/* End PBXVariantGroup section */

/* Begin XCBuildConfiguration section */
		004441251CCDF27800D71096 /* Debug */ = {
			isa = XCBuildConfiguration;
			buildSettings = {
				ALWAYS_SEARCH_USER_PATHS = NO;
				CLANG_ANALYZER_NONNULL = YES;
				CLANG_CXX_LANGUAGE_STANDARD = "gnu++0x";
				CLANG_CXX_LIBRARY = "libc++";
				CLANG_ENABLE_MODULES = YES;
				CLANG_ENABLE_OBJC_ARC = YES;
				CLANG_WARN_BOOL_CONVERSION = YES;
				CLANG_WARN_CONSTANT_CONVERSION = YES;
				CLANG_WARN_DIRECT_OBJC_ISA_USAGE = YES_ERROR;
				CLANG_WARN_EMPTY_BODY = YES;
				CLANG_WARN_ENUM_CONVERSION = YES;
				CLANG_WARN_INT_CONVERSION = YES;
				CLANG_WARN_OBJC_ROOT_CLASS = YES_ERROR;
				CLANG_WARN_UNREACHABLE_CODE = YES;
				CLANG_WARN__DUPLICATE_METHOD_MATCH = YES;
				"CODE_SIGN_IDENTITY[sdk=iphoneos*]" = "iPhone Developer";
				COPY_PHASE_STRIP = NO;
				DEBUG_INFORMATION_FORMAT = dwarf;
				ENABLE_STRICT_OBJC_MSGSEND = YES;
				ENABLE_TESTABILITY = YES;
				GCC_C_LANGUAGE_STANDARD = gnu99;
				GCC_DYNAMIC_NO_PIC = NO;
				GCC_NO_COMMON_BLOCKS = YES;
				GCC_OPTIMIZATION_LEVEL = 0;
				GCC_PREPROCESSOR_DEFINITIONS = (
					"DEBUG=1",
					"$(inherited)",
				);
				GCC_WARN_64_TO_32_BIT_CONVERSION = YES;
				GCC_WARN_ABOUT_RETURN_TYPE = YES_ERROR;
				GCC_WARN_UNDECLARED_SELECTOR = YES;
				GCC_WARN_UNINITIALIZED_AUTOS = YES_AGGRESSIVE;
				GCC_WARN_UNUSED_FUNCTION = YES;
				GCC_WARN_UNUSED_VARIABLE = YES;
				IPHONEOS_DEPLOYMENT_TARGET = 9.3;
				MTL_ENABLE_DEBUG_INFO = YES;
				ONLY_ACTIVE_ARCH = YES;
				SDKROOT = iphoneos;
			};
			name = Debug;
		};
		004441261CCDF27800D71096 /* Release */ = {
			isa = XCBuildConfiguration;
			buildSettings = {
				ALWAYS_SEARCH_USER_PATHS = NO;
				CLANG_ANALYZER_NONNULL = YES;
				CLANG_CXX_LANGUAGE_STANDARD = "gnu++0x";
				CLANG_CXX_LIBRARY = "libc++";
				CLANG_ENABLE_MODULES = YES;
				CLANG_ENABLE_OBJC_ARC = YES;
				CLANG_WARN_BOOL_CONVERSION = YES;
				CLANG_WARN_CONSTANT_CONVERSION = YES;
				CLANG_WARN_DIRECT_OBJC_ISA_USAGE = YES_ERROR;
				CLANG_WARN_EMPTY_BODY = YES;
				CLANG_WARN_ENUM_CONVERSION = YES;
				CLANG_WARN_INT_CONVERSION = YES;
				CLANG_WARN_OBJC_ROOT_CLASS = YES_ERROR;
				CLANG_WARN_UNREACHABLE_CODE = YES;
				CLANG_WARN__DUPLICATE_METHOD_MATCH = YES;
				"CODE_SIGN_IDENTITY[sdk=iphoneos*]" = "iPhone Developer";
				COPY_PHASE_STRIP = NO;
				DEBUG_INFORMATION_FORMAT = "dwarf-with-dsym";
				ENABLE_NS_ASSERTIONS = NO;
				ENABLE_STRICT_OBJC_MSGSEND = YES;
				GCC_C_LANGUAGE_STANDARD = gnu99;
				GCC_NO_COMMON_BLOCKS = YES;
				GCC_WARN_64_TO_32_BIT_CONVERSION = YES;
				GCC_WARN_ABOUT_RETURN_TYPE = YES_ERROR;
				GCC_WARN_UNDECLARED_SELECTOR = YES;
				GCC_WARN_UNINITIALIZED_AUTOS = YES_AGGRESSIVE;
				GCC_WARN_UNUSED_FUNCTION = YES;
				GCC_WARN_UNUSED_VARIABLE = YES;
				IPHONEOS_DEPLOYMENT_TARGET = 9.3;
				MTL_ENABLE_DEBUG_INFO = NO;
				SDKROOT = iphoneos;
				VALIDATE_PRODUCT = YES;
			};
			name = Release;
		};
		004441281CCDF27800D71096 /* Debug */ = {
			isa = XCBuildConfiguration;
			baseConfigurationReference = A6CD33B77547A4BF60B4092A /* Pods-AudioTracker.debug.xcconfig */;
			buildSettings = {
				ASSETCATALOG_COMPILER_APPICON_NAME = AppIcon;
				CODE_SIGN_IDENTITY = "iPhone Developer";
				"CODE_SIGN_IDENTITY[sdk=iphoneos*]" = "iPhone Developer";
				INFOPLIST_FILE = AudioTracker/Info.plist;
				IPHONEOS_DEPLOYMENT_TARGET = 9.2;
				LD_RUNPATH_SEARCH_PATHS = "$(inherited) @executable_path/Frameworks";
				PRODUCT_BUNDLE_IDENTIFIER = com.taobao.lingwu.AudioTracker;
				PRODUCT_NAME = "$(TARGET_NAME)";
				PROVISIONING_PROFILE = "";
			};
			name = Debug;
		};
		004441291CCDF27800D71096 /* Release */ = {
			isa = XCBuildConfiguration;
			baseConfigurationReference = B2338431A1056FB9D3E10FDE /* Pods-AudioTracker.release.xcconfig */;
			buildSettings = {
				ASSETCATALOG_COMPILER_APPICON_NAME = AppIcon;
				CODE_SIGN_IDENTITY = "iPhone Developer";
				"CODE_SIGN_IDENTITY[sdk=iphoneos*]" = "iPhone Developer";
				INFOPLIST_FILE = AudioTracker/Info.plist;
				IPHONEOS_DEPLOYMENT_TARGET = 9.2;
				LD_RUNPATH_SEARCH_PATHS = "$(inherited) @executable_path/Frameworks";
				PRODUCT_BUNDLE_IDENTIFIER = com.taobao.lingwu.AudioTracker;
				PRODUCT_NAME = "$(TARGET_NAME)";
				PROVISIONING_PROFILE = "";
			};
			name = Release;
		};
/* End XCBuildConfiguration section */

/* Begin XCConfigurationList section */
		0044410B1CCDF27800D71096 /* Build configuration list for PBXProject "AudioTracker" */ = {
			isa = XCConfigurationList;
			buildConfigurations = (
				004441251CCDF27800D71096 /* Debug */,
				004441261CCDF27800D71096 /* Release */,
			);
			defaultConfigurationIsVisible = 0;
			defaultConfigurationName = Release;
		};
		004441271CCDF27800D71096 /* Build configuration list for PBXNativeTarget "AudioTracker" */ = {
			isa = XCConfigurationList;
			buildConfigurations = (
				004441281CCDF27800D71096 /* Debug */,
				004441291CCDF27800D71096 /* Release */,
			);
			defaultConfigurationIsVisible = 0;
			defaultConfigurationName = Release;
		};
/* End XCConfigurationList section */
	};
	rootObject = 004441081CCDF27800D71096 /* Project object */;
}
